
Microsoft Visual Studio Solution File, Format Version 12.00
Project("{FAE04EC0-301F-11D3-BF4B-00C04F79EFBC}") = "FluxPortfolioServer", "FluxPortfolioServer\FluxPortfolioServer.csproj", "{0DD31059-2B84-48FC-9A56-9339202ECD77}"
EndProject
Global
	GlobalSection(SolutionConfigurationPlatforms) = preSolution
		Debug|Any CPU = Debug|Any CPU
		Release|Any CPU = Release|Any CPU
	EndGlobalSection
	GlobalSection(ProjectConfigurationPlatforms) = postSolution
		{0DD31059-2B84-48FC-9A56-9339202ECD77}.Debug|Any CPU.ActiveCfg = Debug|Any CPU
		{0DD31059-2B84-48FC-9A56-9339202ECD77}.Debug|Any CPU.Build.0 = Debug|Any CPU
		{0DD31059-2B84-48FC-9A56-9339202ECD77}.Release|Any CPU.ActiveCfg = Release|Any CPU
		{0DD31059-2B84-48FC-9A56-9339202ECD77}.Release|Any CPU.Build.0 = Release|Any CPU
	EndGlobalSection
EndGlobal
